<Solution>
  <Folder Name="/tools/">
    <Project Path="tools/generate/Generate.csproj" />
  </Folder>
  <Folder Name="/benchmarks/">
    <Project Path="benchmarks/bubble-sort/acceptance/BubbleSortAcceptance.csproj" />
  </Folder>
  <Folder Name="/tests/">
    <Project Path="tests/Idd.Factory.LiveTests/Idd.Factory.LiveTests.csproj" />
    <Project Path="tests/Idd.Generation.Tests/Idd.Generation.Tests.csproj" />
  </Folder>
</Solution>
